// !$*UTF8*$!
{
	archiveVersion = 1;
	classes = {
	};
	objectVersion = 56;
	objects = {

/* Begin PBXBuildFile section */
		3523DE562A6E403D00A6F722 /* AppDelegate.swift in Sources */ = {isa = PBXBuildFile; fileRef = 3523DE552A6E403D00A6F722 /* AppDelegate.swift */; };
		3523DE582A6E403D00A6F722 /* SceneDelegate.swift in Sources */ = {isa = PBXBuildFile; fileRef = 3523DE572A6E403D00A6F722 /* SceneDelegate.swift */; };
		3523DE5D2A6E403D00A6F722 /* Main.storyboard in Resources */ = {isa = PBXBuildFile; fileRef = 3523DE5B2A6E403D00A6F722 /* Main.storyboard */; };
		3523DE5F2A6E403F00A6F722 /* Assets.xcassets in Resources */ = {isa = PBXBuildFile; fileRef = 3523DE5E2A6E403F00A6F722 /* Assets.xcassets */; };
		3523DE622A6E403F00A6F722 /* LaunchScreen.storyboard in Resources */ = {isa = PBXBuildFile; fileRef = 3523DE602A6E403F00A6F722 /* LaunchScreen.storyboard */; };
		3523DE6D2A6E419000A6F722 /* CourseListViewModel.swift in Sources */ = {isa = PBXBuildFile; fileRef = 3523DE6C2A6E419000A6F722 /* CourseListViewModel.swift */; };
		3523DE722A6E41BD00A6F722 /* CourseCellViewModel.swift in Sources */ = {isa = PBXBuildFile; fileRef = 3523DE712A6E41BD00A6F722 /* CourseCellViewModel.swift */; };
		3523DE742A6E44BE00A6F722 /* CourseListViewController.swift in Sources */ = {isa = PBXBuildFile; fileRef = 3523DE732A6E44BE00A6F722 /* CourseListViewController.swift */; };
		3523DE762A6E453B00A6F722 /* CourseCell.swift in Sources */ = {isa = PBXBuildFile; fileRef = 3523DE752A6E453B00A6F722 /* CourseCell.swift */; };
		3523DE792A6E483400A6F722 /* CourseDetailsViewController.swift in Sources */ = {isa = PBXBuildFile; fileRef = 3523DE782A6E483400A6F722 /* CourseDetailsViewController.swift */; };
		3523DE7C2A6E485F00A6F722 /* CourseDetailsViewModel.swift in Sources */ = {isa = PBXBuildFile; fileRef = 3523DE7B2A6E485F00A6F722 /* CourseDetailsViewModel.swift */; };
/* End PBXBuildFile section */

/* Begin PBXFileReference section */
		3523DE522A6E403D00A6F722 /* SwiftbookAppMVVM.app */ = {isa = PBXFileReference; explicitFileType = wrapper.application; includeInIndex = 0; path = SwiftbookAppMVVM.app; sourceTree = BUILT_PRODUCTS_DIR; };
		3523DE552A6E403D00A6F722 /* AppDelegate.swift */ = {isa = PBXFileReference; lastKnownFileType = sourcecode.swift; path = AppDelegate.swift; sourceTree = "<group>"; };
		3523DE572A6E403D00A6F722 /* SceneDelegate.swift */ = {isa = PBXFileReference; lastKnownFileType = sourcecode.swift; path = SceneDelegate.swift; sourceTree = "<group>"; };
		3523DE5C2A6E403D00A6F722 /* Base */ = {isa = PBXFileReference; lastKnownFileType = file.storyboard; name = Base; path = Base.lproj/Main.storyboard; sourceTree = "<group>"; };
		3523DE5E2A6E403F00A6F722 /* Assets.xcassets */ = {isa = PBXFileReference; lastKnownFileType = folder.assetcatalog; path = Assets.xcassets; sourceTree = "<group>"; };
		3523DE612A6E403F00A6F722 /* Base */ = {isa = PBXFileReference; lastKnownFileType = file.storyboard; name = Base; path = Base.lproj/LaunchScreen.storyboard; sourceTree = "<group>"; };
		3523DE632A6E403F00A6F722 /* Info.plist */ = {isa = PBXFileReference; lastKnownFileType = text.plist.xml; path = Info.plist; sourceTree = "<group>"; };
		3523DE6C2A6E419000A6F722 /* CourseListViewModel.swift */ = {isa = PBXFileReference; lastKnownFileType = sourcecode.swift; path = CourseListViewModel.swift; sourceTree = "<group>"; };
		3523DE712A6E41BD00A6F722 /* CourseCellViewModel.swift */ = {isa = PBXFileReference; lastKnownFileType = sourcecode.swift; path = CourseCellViewModel.swift; sourceTree = "<group>"; };
		3523DE732A6E44BE00A6F722 /* CourseListViewController.swift */ = {isa = PBXFileReference; lastKnownFileType = sourcecode.swift; path = CourseListViewController.swift; sourceTree = "<group>"; };
		3523DE752A6E453B00A6F722 /* CourseCell.swift */ = {isa = PBXFileReference; lastKnownFileType = sourcecode.swift; path = CourseCell.swift; sourceTree = "<group>"; };
		3523DE782A6E483400A6F722 /* CourseDetailsViewController.swift */ = {isa = PBXFileReference; lastKnownFileType = sourcecode.swift; path = CourseDetailsViewController.swift; sourceTree = "<group>"; };
		3523DE7B2A6E485F00A6F722 /* CourseDetailsViewModel.swift */ = {isa = PBXFileReference; lastKnownFileType = sourcecode.swift; path = CourseDetailsViewModel.swift; sourceTree = "<group>"; };
/* End PBXFileReference section */

/* Begin PBXFrameworksBuildPhase section */
		3523DE4F2A6E403D00A6F722 /* Frameworks */ = {
			isa = PBXFrameworksBuildPhase;
			buildActionMask = 2147483647;
			files = (
			);
			runOnlyForDeploymentPostprocessing = 0;
		};
/* End PBXFrameworksBuildPhase section */

/* Begin PBXGroup section */
		3523DE492A6E403D00A6F722 = {
			isa = PBXGroup;
			children = (
				3523DE542A6E403D00A6F722 /* SwiftbookAppMVVM */,
				3523DE532A6E403D00A6F722 /* Products */,
			);
			sourceTree = "<group>";
		};
		3523DE532A6E403D00A6F722 /* Products */ = {
			isa = PBXGroup;
			children = (
				3523DE522A6E403D00A6F722 /* SwiftbookAppMVVM.app */,
			);
			name = Products;
			sourceTree = "<group>";
		};
		3523DE542A6E403D00A6F722 /* SwiftbookAppMVVM */ = {
			isa = PBXGroup;
			children = (
				3523DE7A2A6E483E00A6F722 /* CourseDetails */,
				3523DE6B2A6E417C00A6F722 /* CourseList */,
				3523DE552A6E403D00A6F722 /* AppDelegate.swift */,
				3523DE572A6E403D00A6F722 /* SceneDelegate.swift */,
				3523DE772A6E455300A6F722 /* Storyboard */,
				3523DE5E2A6E403F00A6F722 /* Assets.xcassets */,
				3523DE632A6E403F00A6F722 /* Info.plist */,
			);
			path = SwiftbookAppMVVM;
			sourceTree = "<group>";
		};
		3523DE6B2A6E417C00A6F722 /* CourseList */ = {
			isa = PBXGroup;
			children = (
				3523DE732A6E44BE00A6F722 /* CourseListViewController.swift */,
				3523DE6C2A6E419000A6F722 /* CourseListViewModel.swift */,
				3523DE702A6E41A600A6F722 /* CourseCell */,
			);
			path = CourseList;
			sourceTree = "<group>";
		};
		3523DE702A6E41A600A6F722 /* CourseCell */ = {
			isa = PBXGroup;
			children = (
				3523DE752A6E453B00A6F722 /* CourseCell.swift */,
				3523DE712A6E41BD00A6F722 /* CourseCellViewModel.swift */,
			);
			path = CourseCell;
			sourceTree = "<group>";
		};
		3523DE772A6E455300A6F722 /* Storyboard */ = {
			isa = PBXGroup;
			children = (
				3523DE5B2A6E403D00A6F722 /* Main.storyboard */,
				3523DE602A6E403F00A6F722 /* LaunchScreen.storyboard */,
			);
			path = Storyboard;
			sourceTree = "<group>";
		};
		3523DE7A2A6E483E00A6F722 /* CourseDetails */ = {
			isa = PBXGroup;
			children = (
				3523DE782A6E483400A6F722 /* CourseDetailsViewController.swift */,
				3523DE7B2A6E485F00A6F722 /* CourseDetailsViewModel.swift */,
			);
			path = CourseDetails;
			sourceTree = "<group>";
		};
/* End PBXGroup section */

/* Begin PBXNativeTarget section */
		3523DE512A6E403D00A6F722 /* SwiftbookAppMVVM */ = {
			isa = PBXNativeTarget;
			buildConfigurationList = 3523DE662A6E404000A6F722 /* Build configuration list for PBXNativeTarget "SwiftbookAppMVVM" */;
			buildPhases = (
				3523DE4E2A6E403D00A6F722 /* Sources */,
				3523DE4F2A6E403D00A6F722 /* Frameworks */,
				3523DE502A6E403D00A6F722 /* Resources */,
			);
			buildRules = (
			);
			dependencies = (
			);
			name = SwiftbookAppMVVM;
			productName = SwiftbookAppMVVM;
			productReference = 3523DE522A6E403D00A6F722 /* SwiftbookAppMVVM.app */;
			productType = "com.apple.product-type.application";
		};
/* End PBXNativeTarget section */

/* Begin PBXProject section */
		3523DE4A2A6E403D00A6F722 /* Project object */ = {
			isa = PBXProject;
			attributes = {
				BuildIndependentTargetsInParallel = 1;
				LastSwiftUpdateCheck = 1420;
				LastUpgradeCheck = 1420;
				TargetAttributes = {
					3523DE512A6E403D00A6F722 = {
						CreatedOnToolsVersion = 14.2;
					};
				};
			};
			buildConfigurationList = 3523DE4D2A6E403D00A6F722 /* Build configuration list for PBXProject "SwiftbookAppMVVM" */;
			compatibilityVersion = "Xcode 14.0";
			developmentRegion = en;
			hasScannedForEncodings = 0;
			knownRegions = (
				en,
				Base,
			);
			mainGroup = 3523DE492A6E403D00A6F722;
			productRefGroup = 3523DE532A6E403D00A6F722 /* Products */;
			projectDirPath = "";
			projectRoot = "";
			targets = (
				3523DE512A6E403D00A6F722 /* SwiftbookAppMVVM */,
			);
		};
/* End PBXProject section */

/* Begin PBXResourcesBuildPhase section */
		3523DE502A6E403D00A6F722 /* Resources */ = {
			isa = PBXResourcesBuildPhase;
			buildActionMask = 2147483647;
			files = (
				3523DE622A6E403F00A6F722 /* LaunchScreen.storyboard in Resources */,
				3523DE5F2A6E403F00A6F722 /* Assets.xcassets in Resources */,
				3523DE5D2A6E403D00A6F722 /* Main.storyboard in Resources */,
			);
			runOnlyForDeploymentPostprocessing = 0;
		};
/* End PBXResourcesBuildPhase section */

/* Begin PBXSourcesBuildPhase section */
		3523DE4E2A6E403D00A6F722 /* Sources */ = {
			isa = PBXSourcesBuildPhase;
			buildActionMask = 2147483647;
			files = (
				3523DE6D2A6E419000A6F722 /* CourseListViewModel.swift in Sources */,
				3523DE562A6E403D00A6F722 /* AppDelegate.swift in Sources */,
				3523DE7C2A6E485F00A6F722 /* CourseDetailsViewModel.swift in Sources */,
				3523DE762A6E453B00A6F722 /* CourseCell.swift in Sources */,
				3523DE742A6E44BE00A6F722 /* CourseListViewController.swift in Sources */,
				3523DE792A6E483400A6F722 /* CourseDetailsViewController.swift in Sources */,
				3523DE582A6E403D00A6F722 /* SceneDelegate.swift in Sources */,
				3523DE722A6E41BD00A6F722 /* CourseCellViewModel.swift in Sources */,
			);
			runOnlyForDeploymentPostprocessing = 0;
		};
/* End PBXSourcesBuildPhase section */

/* Begin PBXVariantGroup section */
		3523DE5B2A6E403D00A6F722 /* Main.storyboard */ = {
			isa = PBXVariantGroup;
			children = (
				3523DE5C2A6E403D00A6F722 /* Base */,
			);
			name = Main.storyboard;
			sourceTree = "<group>";
		};
		3523DE602A6E403F00A6F722 /* LaunchScreen.storyboard */ = {
			isa = PBXVariantGroup;
			children = (
				3523DE612A6E403F00A6F722 /* Base */,
			);
			name = LaunchScreen.storyboard;
			sourceTree = "<group>";
		};
/* End PBXVariantGroup section */

/* Begin XCBuildConfiguration section */
		3523DE642A6E403F00A6F722 /* Debug */ = {
			isa = XCBuildConfiguration;
			buildSettings = {
				ALWAYS_SEARCH_USER_PATHS = NO;
				CLANG_ANALYZER_NONNULL = YES;
				CLANG_ANALYZER_NUMBER_OBJECT_CONVERSION = YES_AGGRESSIVE;
				CLANG_CXX_LANGUAGE_STANDARD = "gnu++20";
				CLANG_ENABLE_MODULES = YES;
				CLANG_ENABLE_OBJC_ARC = YES;
				CLANG_ENABLE_OBJC_WEAK = YES;
				CLANG_WARN_BLOCK_CAPTURE_AUTORELEASING = YES;
				CLANG_WARN_BOOL_CONVERSION = YES;
				CLANG_WARN_COMMA = YES;
				CLANG_WARN_CONSTANT_CONVERSION = YES;
				CLANG_WARN_DEPRECATED_OBJC_IMPLEMENTATIONS = YES;
				CLANG_WARN_DIRECT_OBJC_ISA_USAGE = YES_ERROR;
				CLANG_WARN_DOCUMENTATION_COMMENTS = YES;
				CLANG_WARN_EMPTY_BODY = YES;
				CLANG_WARN_ENUM_CONVERSION = YES;
				CLANG_WARN_INFINITE_RECURSION = YES;
				CLANG_WARN_INT_CONVERSION = YES;
				CLANG_WARN_NON_LITERAL_NULL_CONVERSION = YES;
				CLANG_WARN_OBJC_IMPLICIT_RETAIN_SELF = YES;
				CLANG_WARN_OBJC_LITERAL_CONVERSION = YES;
				CLANG_WARN_OBJC_ROOT_CLASS = YES_ERROR;
				CLANG_WARN_QUOTED_INCLUDE_IN_FRAMEWORK_HEADER = YES;
				CLANG_WARN_RANGE_LOOP_ANALYSIS = YES;
				CLANG_WARN_STRICT_PROTOTYPES = YES;
				CLANG_WARN_SUSPICIOUS_MOVE = YES;
				CLANG_WARN_UNGUARDED_AVAILABILITY = YES_AGGRESSIVE;
				CLANG_WARN_UNREACHABLE_CODE = YES;
				CLANG_WARN__DUPLICATE_METHOD_MATCH = YES;
				COPY_PHASE_STRIP = NO;
				DEBUG_INFORMATION_FORMAT = dwarf;
				ENABLE_STRICT_OBJC_MSGSEND = YES;
				ENABLE_TESTABILITY = YES;
				GCC_C_LANGUAGE_STANDARD = gnu11;
				GCC_DYNAMIC_NO_PIC = NO;
				GCC_NO_COMMON_BLOCKS = YES;
				GCC_OPTIMIZATION_LEVEL = 0;
				GCC_PREPROCESSOR_DEFINITIONS = (
					"DEBUG=1",
					"$(inherited)",
				);
				GCC_WARN_64_TO_32_BIT_CONVERSION = YES;
				GCC_WARN_ABOUT_RETURN_TYPE = YES_ERROR;
				GCC_WARN_UNDECLARED_SELECTOR = YES;
				GCC_WARN_UNINITIALIZED_AUTOS = YES_AGGRESSIVE;
				GCC_WARN_UNUSED_FUNCTION = YES;
				GCC_WARN_UNUSED_VARIABLE = YES;
				IPHONEOS_DEPLOYMENT_TARGET = 16.2;
				MTL_ENABLE_DEBUG_INFO = INCLUDE_SOURCE;
				MTL_FAST_MATH = YES;
				ONLY_ACTIVE_ARCH = YES;
				SDKROOT = iphoneos;
				SWIFT_ACTIVE_COMPILATION_CONDITIONS = DEBUG;
				SWIFT_OPTIMIZATION_LEVEL = "-Onone";
			};
			name = Debug;
		};
		3523DE652A6E403F00A6F722 /* Release */ = {
			isa = XCBuildConfiguration;
			buildSettings = {
				ALWAYS_SEARCH_USER_PATHS = NO;
				CLANG_ANALYZER_NONNULL = YES;
				CLANG_ANALYZER_NUMBER_OBJECT_CONVERSION = YES_AGGRESSIVE;
				CLANG_CXX_LANGUAGE_STANDARD = "gnu++20";
				CLANG_ENABLE_MODULES = YES;
				CLANG_ENABLE_OBJC_ARC = YES;
				CLANG_ENABLE_OBJC_WEAK = YES;
				CLANG_WARN_BLOCK_CAPTURE_AUTORELEASING = YES;
				CLANG_WARN_BOOL_CONVERSION = YES;
				CLANG_WARN_COMMA = YES;
				CLANG_WARN_CONSTANT_CONVERSION = YES;
				CLANG_WARN_DEPRECATED_OBJC_IMPLEMENTATIONS = YES;
				CLANG_WARN_DIRECT_OBJC_ISA_USAGE = YES_ERROR;
				CLANG_WARN_DOCUMENTATION_COMMENTS = YES;
				CLANG_WARN_EMPTY_BODY = YES;
				CLANG_WARN_ENUM_CONVERSION = YES;
				CLANG_WARN_INFINITE_RECURSION = YES;
				CLANG_WARN_INT_CONVERSION = YES;
				CLANG_WARN_NON_LITERAL_NULL_CONVERSION = YES;
				CLANG_WARN_OBJC_IMPLICIT_RETAIN_SELF = YES;
				CLANG_WARN_OBJC_LITERAL_CONVERSION = YES;
				CLANG_WARN_OBJC_ROOT_CLASS = YES_ERROR;
				CLANG_WARN_QUOTED_INCLUDE_IN_FRAMEWORK_HEADER = YES;
				CLANG_WARN_RANGE_LOOP_ANALYSIS = YES;
				CLANG_WARN_STRICT_PROTOTYPES = YES;
				CLANG_WARN_SUSPICIOUS_MOVE = YES;
				CLANG_WARN_UNGUARDED_AVAILABILITY = YES_AGGRESSIVE;
				CLANG_WARN_UNREACHABLE_CODE = YES;
				CLANG_WARN__DUPLICATE_METHOD_MATCH = YES;
				COPY_PHASE_STRIP = NO;
				DEBUG_INFORMATION_FORMAT = "dwarf-with-dsym";
				ENABLE_NS_ASSERTIONS = NO;
				ENABLE_STRICT_OBJC_MSGSEND = YES;
				GCC_C_LANGUAGE_STANDARD = gnu11;
				GCC_NO_COMMON_BLOCKS = YES;
				GCC_WARN_64_TO_32_BIT_CONVERSION = YES;
				GCC_WARN_ABOUT_RETURN_TYPE = YES_ERROR;
				GCC_WARN_UNDECLARED_SELECTOR = YES;
				GCC_WARN_UNINITIALIZED_AUTOS = YES_AGGRESSIVE;
				GCC_WARN_UNUSED_FUNCTION = YES;
				GCC_WARN_UNUSED_VARIABLE = YES;
				IPHONEOS_DEPLOYMENT_TARGET = 16.2;
				MTL_ENABLE_DEBUG_INFO = NO;
				MTL_FAST_MATH = YES;
				SDKROOT = iphoneos;
				SWIFT_COMPILATION_MODE = wholemodule;
				SWIFT_OPTIMIZATION_LEVEL = "-O";
				VALIDATE_PRODUCT = YES;
			};
			name = Release;
		};
		3523DE672A6E404000A6F722 /* Debug */ = {
			isa = XCBuildConfiguration;
			buildSettings = {
				ASSETCATALOG_COMPILER_APPICON_NAME = AppIcon;
				ASSETCATALOG_COMPILER_GLOBAL_ACCENT_COLOR_NAME = AccentColor;
				CODE_SIGN_STYLE = Automatic;
				CURRENT_PROJECT_VERSION = 1;
				DEVELOPMENT_TEAM = XZW4VA4NWF;
				GENERATE_INFOPLIST_FILE = YES;
				INFOPLIST_FILE = SwiftbookAppMVVM/Info.plist;
				INFOPLIST_KEY_UIApplicationSupportsIndirectInputEvents = YES;
				INFOPLIST_KEY_UILaunchStoryboardName = LaunchScreen;
				INFOPLIST_KEY_UIMainStoryboardFile = Main;
				INFOPLIST_KEY_UISupportedInterfaceOrientations_iPad = "UIInterfaceOrientationPortrait UIInterfaceOrientationPortraitUpsideDown UIInterfaceOrientationLandscapeLeft UIInterfaceOrientationLandscapeRight";
				INFOPLIST_KEY_UISupportedInterfaceOrientations_iPhone = "UIInterfaceOrientationPortrait UIInterfaceOrientationLandscapeLeft UIInterfaceOrientationLandscapeRight";
				LD_RUNPATH_SEARCH_PATHS = (
					"$(inherited)",
					"@executable_path/Frameworks",
				);
				MARKETING_VERSION = 1.0;
				PRODUCT_BUNDLE_IDENTIFIER = kz.zaki.SwiftbookAppMVVM;
				PRODUCT_NAME = "$(TARGET_NAME)";
				SUPPORTED_PLATFORMS = "iphoneos iphonesimulator";
				SUPPORTS_MACCATALYST = NO;
				SUPPORTS_MAC_DESIGNED_FOR_IPHONE_IPAD = NO;
				SWIFT_EMIT_LOC_STRINGS = YES;
				SWIFT_VERSION = 5.0;
				TARGETED_DEVICE_FAMILY = 1;
			};
			name = Debug;
		};
		3523DE682A6E404000A6F722 /* Release */ = {
			isa = XCBuildConfiguration;
			buildSettings = {
				ASSETCATALOG_COMPILER_APPICON_NAME = AppIcon;
				ASSETCATALOG_COMPILER_GLOBAL_ACCENT_COLOR_NAME = AccentColor;
				CODE_SIGN_STYLE = Automatic;
				CURRENT_PROJECT_VERSION = 1;
				DEVELOPMENT_TEAM = XZW4VA4NWF;
				GENERATE_INFOPLIST_FILE = YES;
				INFOPLIST_FILE = SwiftbookAppMVVM/Info.plist;
				INFOPLIST_KEY_UIApplicationSupportsIndirectInputEvents = YES;
				INFOPLIST_KEY_UILaunchStoryboardName = LaunchScreen;
				INFOPLIST_KEY_UIMainStoryboardFile = Main;
				INFOPLIST_KEY_UISupportedInterfaceOrientations_iPad = "UIInterfaceOrientationPortrait UIInterfaceOrientationPortraitUpsideDown UIInterfaceOrientationLandscapeLeft UIInterfaceOrientationLandscapeRight";
				INFOPLIST_KEY_UISupportedInterfaceOrientations_iPhone = "UIInterfaceOrientationPortrait UIInterfaceOrientationLandscapeLeft UIInterfaceOrientationLandscapeRight";
				LD_RUNPATH_SEARCH_PATHS = (
					"$(inherited)",
					"@executable_path/Frameworks",
				);
				MARKETING_VERSION = 1.0;
				PRODUCT_BUNDLE_IDENTIFIER = kz.zaki.SwiftbookAppMVVM;
				PRODUCT_NAME = "$(TARGET_NAME)";
				SUPPORTED_PLATFORMS = "iphoneos iphonesimulator";
				SUPPORTS_MACCATALYST = NO;
				SUPPORTS_MAC_DESIGNED_FOR_IPHONE_IPAD = NO;
				SWIFT_EMIT_LOC_STRINGS = YES;
				SWIFT_VERSION = 5.0;
				TARGETED_DEVICE_FAMILY = 1;
			};
			name = Release;
		};
/* End XCBuildConfiguration section */

/* Begin XCConfigurationList section */
		3523DE4D2A6E403D00A6F722 /* Build configuration list for PBXProject "SwiftbookAppMVVM" */ = {
			isa = XCConfigurationList;
			buildConfigurations = (
				3523DE642A6E403F00A6F722 /* Debug */,
				3523DE652A6E403F00A6F722 /* Release */,
			);
			defaultConfigurationIsVisible = 0;
			defaultConfigurationName = Release;
		};
		3523DE662A6E404000A6F722 /* Build configuration list for PBXNativeTarget "SwiftbookAppMVVM" */ = {
			isa = XCConfigurationList;
			buildConfigurations = (
				3523DE672A6E404000A6F722 /* Debug */,
				3523DE682A6E404000A6F722 /* Release */,
			);
			defaultConfigurationIsVisible = 0;
			defaultConfigurationName = Release;
		};
/* End XCConfigurationList section */
	};
	rootObject = 3523DE4A2A6E403D00A6F722 /* Project object */;
}
